// !$*UTF8*$!
{
	archiveVersion = 1;
	classes = {
	};
	objectVersion = 46;
	objects = {

/* Begin PBXBuildFile section */
		BD7822891D82BAD6001D689A /* MaterialDesignIconFont.h in Headers */ = {isa = PBXBuildFile; fileRef = BD7822881D82BAD6001D689A /* MaterialDesignIconFont.h */; settings = {ATTRIBUTES = (Public, ); }; };
		BD7822971D82BC16001D689A /* MaterialDesignIconFont.podspec in Resources */ = {isa = PBXBuildFile; fileRef = BD7822961D82BC16001D689A /* MaterialDesignIconFont.podspec */; };
		BDB75EB71D82CF770052B323 /* Font.swift in Sources */ = {isa = PBXBuildFile; fileRef = BDB75EB51D82CF770052B323 /* Font.swift */; };
		BDB75EB81D82CF770052B323 /* MaterialIcons.swift in Sources */ = {isa = PBXBuildFile; fileRef = BDB75EB61D82CF770052B323 /* MaterialIcons.swift */; };
		BDB75EBA1D82D2320052B323 /* materialdesignicons.ttf in Resources */ = {isa = PBXBuildFile; fileRef = BDB75EB91D82D2320052B323 /* materialdesignicons.ttf */; };
		BDB75EBE1D82D5720052B323 /* LICENSE in Resources */ = {isa = PBXBuildFile; fileRef = BDB75EBD1D82D5720052B323 /* LICENSE */; };
/* End PBXBuildFile section */

/* Begin PBXFileReference section */
		BD7822851D82BAD6001D689A /* MaterialDesignIconFont.framework */ = {isa = PBXFileReference; explicitFileType = wrapper.framework; includeInIndex = 0; path = MaterialDesignIconFont.framework; sourceTree = BUILT_PRODUCTS_DIR; };
		BD7822881D82BAD6001D689A /* MaterialDesignIconFont.h */ = {isa = PBXFileReference; lastKnownFileType = sourcecode.c.h; path = MaterialDesignIconFont.h; sourceTree = "<group>"; };
		BD78228A1D82BAD6001D689A /* Info.plist */ = {isa = PBXFileReference; lastKnownFileType = text.plist.xml; path = Info.plist; sourceTree = "<group>"; };
		BD7822961D82BC16001D689A /* MaterialDesignIconFont.podspec */ = {isa = PBXFileReference; fileEncoding = 4; lastKnownFileType = text; path = MaterialDesignIconFont.podspec; sourceTree = SOURCE_ROOT; };
		BDB75EB51D82CF770052B323 /* Font.swift */ = {isa = PBXFileReference; fileEncoding = 4; lastKnownFileType = sourcecode.swift; name = Font.swift; path = Pod/Classes/Font.swift; sourceTree = SOURCE_ROOT; };
		BDB75EB61D82CF770052B323 /* MaterialIcons.swift */ = {isa = PBXFileReference; fileEncoding = 4; lastKnownFileType = sourcecode.swift; name = MaterialIcons.swift; path = Pod/Classes/MaterialIcons.swift; sourceTree = SOURCE_ROOT; };
		BDB75EB91D82D2320052B323 /* materialdesignicons.ttf */ = {isa = PBXFileReference; lastKnownFileType = file; name = materialdesignicons.ttf; path = Pod/Assets/materialdesignicons.ttf; sourceTree = SOURCE_ROOT; };
		BDB75EBD1D82D5720052B323 /* LICENSE */ = {isa = PBXFileReference; fileEncoding = 4; lastKnownFileType = text; path = LICENSE; sourceTree = SOURCE_ROOT; };
/* End PBXFileReference section */

/* Begin PBXFrameworksBuildPhase section */
		BD7822811D82BAD6001D689A /* Frameworks */ = {
			isa = PBXFrameworksBuildPhase;
			buildActionMask = 2147483647;
			files = (
			);
			runOnlyForDeploymentPostprocessing = 0;
		};
/* End PBXFrameworksBuildPhase section */

/* Begin PBXGroup section */
		BD78227B1D82BAD6001D689A = {
			isa = PBXGroup;
			children = (
				BD7822871D82BAD6001D689A /* MaterialDesignIconFont */,
				BD7822861D82BAD6001D689A /* Products */,
			);
			sourceTree = "<group>";
		};
		BD7822861D82BAD6001D689A /* Products */ = {
			isa = PBXGroup;
			children = (
				BD7822851D82BAD6001D689A /* MaterialDesignIconFont.framework */,
			);
			name = Products;
			sourceTree = "<group>";
		};
		BD7822871D82BAD6001D689A /* MaterialDesignIconFont */ = {
			isa = PBXGroup;
			children = (
				BDB75EBD1D82D5720052B323 /* LICENSE */,
				BDB75EB91D82D2320052B323 /* materialdesignicons.ttf */,
				BDB75EB51D82CF770052B323 /* Font.swift */,
				BDB75EB61D82CF770052B323 /* MaterialIcons.swift */,
				BD7822881D82BAD6001D689A /* MaterialDesignIconFont.h */,
				BD78228A1D82BAD6001D689A /* Info.plist */,
				BD7822961D82BC16001D689A /* MaterialDesignIconFont.podspec */,
			);
			path = MaterialDesignIconFont;
			sourceTree = "<group>";
		};
/* End PBXGroup section */

/* Begin PBXHeadersBuildPhase section */
		BD7822821D82BAD6001D689A /* Headers */ = {
			isa = PBXHeadersBuildPhase;
			buildActionMask = 2147483647;
			files = (
				BD7822891D82BAD6001D689A /* MaterialDesignIconFont.h in Headers */,
			);
			runOnlyForDeploymentPostprocessing = 0;
		};
/* End PBXHeadersBuildPhase section */

/* Begin PBXNativeTarget section */
		BD7822841D82BAD6001D689A /* MaterialDesignIconFont */ = {
			isa = PBXNativeTarget;
			buildConfigurationList = BD78228D1D82BAD6001D689A /* Build configuration list for PBXNativeTarget "MaterialDesignIconFont" */;
			buildPhases = (
				BD7822801D82BAD6001D689A /* Sources */,
				BD7822811D82BAD6001D689A /* Frameworks */,
				BD7822821D82BAD6001D689A /* Headers */,
				BD7822831D82BAD6001D689A /* Resources */,
			);
			buildRules = (
			);
			dependencies = (
			);
			name = MaterialDesignIconFont;
			productName = MaterialDesignIconFont;
			productReference = BD7822851D82BAD6001D689A /* MaterialDesignIconFont.framework */;
			productType = "com.apple.product-type.framework";
		};
/* End PBXNativeTarget section */

/* Begin PBXProject section */
		BD78227C1D82BAD6001D689A /* Project object */ = {
			isa = PBXProject;
			attributes = {
				LastUpgradeCheck = 0730;
				ORGANIZATIONNAME = everHome;
				TargetAttributes = {
					BD7822841D82BAD6001D689A = {
						CreatedOnToolsVersion = 7.3.1;
						LastSwiftMigration = 0800;
					};
				};
			};
			buildConfigurationList = BD78227F1D82BAD6001D689A /* Build configuration list for PBXProject "MaterialDesignIconFont" */;
			compatibilityVersion = "Xcode 3.2";
			developmentRegion = English;
			hasScannedForEncodings = 0;
			knownRegions = (
				en,
			);
			mainGroup = BD78227B1D82BAD6001D689A;
			productRefGroup = BD7822861D82BAD6001D689A /* Products */;
			projectDirPath = "";
			projectRoot = "";
			targets = (
				BD7822841D82BAD6001D689A /* MaterialDesignIconFont */,
			);
		};
/* End PBXProject section */

/* Begin PBXResourcesBuildPhase section */
		BD7822831D82BAD6001D689A /* Resources */ = {
			isa = PBXResourcesBuildPhase;
			buildActionMask = 2147483647;
			files = (
				BDB75EBE1D82D5720052B323 /* LICENSE in Resources */,
				BDB75EBA1D82D2320052B323 /* materialdesignicons.ttf in Resources */,
				BD7822971D82BC16001D689A /* MaterialDesignIconFont.podspec in Resources */,
			);
			runOnlyForDeploymentPostprocessing = 0;
		};
/* End PBXResourcesBuildPhase section */

/* Begin PBXSourcesBuildPhase section */
		BD7822801D82BAD6001D689A /* Sources */ = {
			isa = PBXSourcesBuildPhase;
			buildActionMask = 2147483647;
			files = (
				BDB75EB71D82CF770052B323 /* Font.swift in Sources */,
				BDB75EB81D82CF770052B323 /* MaterialIcons.swift in Sources */,
			);
			runOnlyForDeploymentPostprocessing = 0;
		};
/* End PBXSourcesBuildPhase section */

/* Begin XCBuildConfiguration section */
		BD78228B1D82BAD6001D689A /* Debug */ = {
			isa = XCBuildConfiguration;
			buildSettings = {
				ALWAYS_SEARCH_USER_PATHS = NO;
				CLANG_ANALYZER_NONNULL = YES;
				CLANG_CXX_LANGUAGE_STANDARD = "gnu++0x";
				CLANG_CXX_LIBRARY = "libc++";
				CLANG_ENABLE_MODULES = YES;
				CLANG_ENABLE_OBJC_ARC = YES;
				CLANG_WARN_BOOL_CONVERSION = YES;
				CLANG_WARN_CONSTANT_CONVERSION = YES;
				CLANG_WARN_DIRECT_OBJC_ISA_USAGE = YES_ERROR;
				CLANG_WARN_EMPTY_BODY = YES;
				CLANG_WARN_ENUM_CONVERSION = YES;
				CLANG_WARN_INT_CONVERSION = YES;
				CLANG_WARN_OBJC_ROOT_CLASS = YES_ERROR;
				CLANG_WARN_UNREACHABLE_CODE = YES;
				CLANG_WARN__DUPLICATE_METHOD_MATCH = YES;
				"CODE_SIGN_IDENTITY[sdk=iphoneos*]" = "iPhone Developer";
				COPY_PHASE_STRIP = NO;
				CURRENT_PROJECT_VERSION = 1;
				DEBUG_INFORMATION_FORMAT = dwarf;
				ENABLE_STRICT_OBJC_MSGSEND = YES;
				ENABLE_TESTABILITY = YES;
				GCC_C_LANGUAGE_STANDARD = gnu99;
				GCC_DYNAMIC_NO_PIC = NO;
				GCC_NO_COMMON_BLOCKS = YES;
				GCC_OPTIMIZATION_LEVEL = 0;
				GCC_PREPROCESSOR_DEFINITIONS = (
					"DEBUG=1",
					"$(inherited)",
				);
				GCC_WARN_64_TO_32_BIT_CONVERSION = YES;
				GCC_WARN_ABOUT_RETURN_TYPE = YES_ERROR;
				GCC_WARN_UNDECLARED_SELECTOR = YES;
				GCC_WARN_UNINITIALIZED_AUTOS = YES_AGGRESSIVE;
				GCC_WARN_UNUSED_FUNCTION = YES;
				GCC_WARN_UNUSED_VARIABLE = YES;
				IPHONEOS_DEPLOYMENT_TARGET = 9.3;
				MTL_ENABLE_DEBUG_INFO = YES;
				ONLY_ACTIVE_ARCH = YES;
				SDKROOT = iphoneos;
				SWIFT_OPTIMIZATION_LEVEL = "-Onone";
				TARGETED_DEVICE_FAMILY = "1,2";
				VERSIONING_SYSTEM = "apple-generic";
				VERSION_INFO_PREFIX = "";
			};
			name = Debug;
		};
		BD78228C1D82BAD6001D689A /* Release */ = {
			isa = XCBuildConfiguration;
			buildSettings = {
				ALWAYS_SEARCH_USER_PATHS = NO;
				CLANG_ANALYZER_NONNULL = YES;
				CLANG_CXX_LANGUAGE_STANDARD = "gnu++0x";
				CLANG_CXX_LIBRARY = "libc++";
				CLANG_ENABLE_MODULES = YES;
				CLANG_ENABLE_OBJC_ARC = YES;
				CLANG_WARN_BOOL_CONVERSION = YES;
				CLANG_WARN_CONSTANT_CONVERSION = YES;
				CLANG_WARN_DIRECT_OBJC_ISA_USAGE = YES_ERROR;
				CLANG_WARN_EMPTY_BODY = YES;
				CLANG_WARN_ENUM_CONVERSION = YES;
				CLANG_WARN_INT_CONVERSION = YES;
				CLANG_WARN_OBJC_ROOT_CLASS = YES_ERROR;
				CLANG_WARN_UNREACHABLE_CODE = YES;
				CLANG_WARN__DUPLICATE_METHOD_MATCH = YES;
				"CODE_SIGN_IDENTITY[sdk=iphoneos*]" = "iPhone Developer";
				COPY_PHASE_STRIP = NO;
				CURRENT_PROJECT_VERSION = 1;
				DEBUG_INFORMATION_FORMAT = "dwarf-with-dsym";
				ENABLE_NS_ASSERTIONS = NO;
				ENABLE_STRICT_OBJC_MSGSEND = YES;
				GCC_C_LANGUAGE_STANDARD = gnu99;
				GCC_NO_COMMON_BLOCKS = YES;
				GCC_WARN_64_TO_32_BIT_CONVERSION = YES;
				GCC_WARN_ABOUT_RETURN_TYPE = YES_ERROR;
				GCC_WARN_UNDECLARED_SELECTOR = YES;
				GCC_WARN_UNINITIALIZED_AUTOS = YES_AGGRESSIVE;
				GCC_WARN_UNUSED_FUNCTION = YES;
				GCC_WARN_UNUSED_VARIABLE = YES;
				IPHONEOS_DEPLOYMENT_TARGET = 9.3;
				MTL_ENABLE_DEBUG_INFO = NO;
				SDKROOT = iphoneos;
				TARGETED_DEVICE_FAMILY = "1,2";
				VALIDATE_PRODUCT = YES;
				VERSIONING_SYSTEM = "apple-generic";
				VERSION_INFO_PREFIX = "";
			};
			name = Release;
		};
		BD78228E1D82BAD6001D689A /* Debug */ = {
			isa = XCBuildConfiguration;
			buildSettings = {
				APPLICATION_EXTENSION_API_ONLY = YES;
				CLANG_ENABLE_MODULES = YES;
				DEFINES_MODULE = YES;
				DYLIB_COMPATIBILITY_VERSION = 1;
				DYLIB_CURRENT_VERSION = 1;
				DYLIB_INSTALL_NAME_BASE = "@rpath";
				INFOPLIST_FILE = MaterialDesignIconFont/Info.plist;
				INSTALL_PATH = "$(LOCAL_LIBRARY_DIR)/Frameworks";
				IPHONEOS_DEPLOYMENT_TARGET = 8.0;
				LD_RUNPATH_SEARCH_PATHS = "$(inherited) @executable_path/Frameworks @loader_path/Frameworks";
				PRODUCT_BUNDLE_IDENTIFIER = de.everHome.MaterialDesignIconFont;
				PRODUCT_NAME = "$(TARGET_NAME)";
				SKIP_INSTALL = YES;
				SWIFT_OPTIMIZATION_LEVEL = "-Onone";
				SWIFT_VERSION = 3.0;
			};
			name = Debug;
		};
		BD78228F1D82BAD6001D689A /* Release */ = {
			isa = XCBuildConfiguration;
			buildSettings = {
				APPLICATION_EXTENSION_API_ONLY = YES;
				CLANG_ENABLE_MODULES = YES;
				DEFINES_MODULE = YES;
				DYLIB_COMPATIBILITY_VERSION = 1;
				DYLIB_CURRENT_VERSION = 1;
				DYLIB_INSTALL_NAME_BASE = "@rpath";
				INFOPLIST_FILE = MaterialDesignIconFont/Info.plist;
				INSTALL_PATH = "$(LOCAL_LIBRARY_DIR)/Frameworks";
				IPHONEOS_DEPLOYMENT_TARGET = 8.0;
				LD_RUNPATH_SEARCH_PATHS = "$(inherited) @executable_path/Frameworks @loader_path/Frameworks";
				PRODUCT_BUNDLE_IDENTIFIER = de.everHome.MaterialDesignIconFont;
				PRODUCT_NAME = "$(TARGET_NAME)";
				SKIP_INSTALL = YES;
				SWIFT_VERSION = 3.0;
			};
			name = Release;
		};
/* End XCBuildConfiguration section */

/* Begin XCConfigurationList section */
		BD78227F1D82BAD6001D689A /* Build configuration list for PBXProject "MaterialDesignIconFont" */ = {
			isa = XCConfigurationList;
			buildConfigurations = (
				BD78228B1D82BAD6001D689A /* Debug */,
				BD78228C1D82BAD6001D689A /* Release */,
			);
			defaultConfigurationIsVisible = 0;
			defaultConfigurationName = Release;
		};
		BD78228D1D82BAD6001D689A /* Build configuration list for PBXNativeTarget "MaterialDesignIconFont" */ = {
			isa = XCConfigurationList;
			buildConfigurations = (
				BD78228E1D82BAD6001D689A /* Debug */,
				BD78228F1D82BAD6001D689A /* Release */,
			);
			defaultConfigurationIsVisible = 0;
			defaultConfigurationName = Release;
		};
/* End XCConfigurationList section */
	};
	rootObject = BD78227C1D82BAD6001D689A /* Project object */;
}
